
Microsoft Visual Studio Solution File, Format Version 12.00
# Visual Studio Version 16
VisualStudioVersion = 16.0.30104.148
MinimumVisualStudioVersion = 10.0.40219.1
Project("{8BC9CEB8-8B4A-11D0-8D11-00A0C91BC942}") = "ByteChatServer", "ByteChatServer.vcxproj", "{56F92CF2-B39E-4DAE-A423-6D194E3E28BC}"
EndProject
Global
	GlobalSection(SolutionConfigurationPlatforms) = preSolution
		Debug|ARM = Debug|ARM
		Debug|ARM64 = Debug|ARM64
		Debug|x64 = Debug|x64
		Debug|x86 = Debug|x86
		Release|ARM = Release|ARM
		Release|ARM64 = Release|ARM64
		Release|x64 = Release|x64
		Release|x86 = Release|x86
	EndGlobalSection
	GlobalSection(ProjectConfigurationPlatforms) = postSolution
		{56F92CF2-B39E-4DAE-A423-6D194E3E28BC}.Debug|ARM.ActiveCfg = Debug|ARM
		{56F92CF2-B39E-4DAE-A423-6D194E3E28BC}.Debug|ARM.Build.0 = Debug|ARM
		{56F92CF2-B39E-4DAE-A423-6D194E3E28BC}.Debug|ARM.Deploy.0 = Debug|ARM
		{56F92CF2-B39E-4DAE-A423-6D194E3E28BC}.Debug|ARM64.ActiveCfg = Debug|ARM64
		{56F92CF2-B39E-4DAE-A423-6D194E3E28BC}.Debug|ARM64.Build.0 = Debug|ARM64
		{56F92CF2-B39E-4DAE-A423-6D194E3E28BC}.Debug|ARM64.Deploy.0 = Debug|ARM64
		{56F92CF2-B39E-4DAE-A423-6D194E3E28BC}.Debug|x64.ActiveCfg = Debug|x64
		{56F92CF2-B39E-4DAE-A423-6D194E3E28BC}.Debug|x64.Build.0 = Debug|x64
		{56F92CF2-B39E-4DAE-A423-6D194E3E28BC}.Debug|x64.Deploy.0 = Debug|x64
		{56F92CF2-B39E-4DAE-A423-6D194E3E28BC}.Debug|x86.ActiveCfg = Debug|x86
		{56F92CF2-B39E-4DAE-A423-6D194E3E28BC}.Debug|x86.Build.0 = Debug|x86
		{56F92CF2-B39E-4DAE-A423-6D194E3E28BC}.Debug|x86.Deploy.0 = Debug|x86
		{56F92CF2-B39E-4DAE-A423-6D194E3E28BC}.Release|ARM.ActiveCfg = Release|ARM
		{56F92CF2-B39E-4DAE-A423-6D194E3E28BC}.Release|ARM.Build.0 = Release|ARM
		{56F92CF2-B39E-4DAE-A423-6D194E3E28BC}.Release|ARM.Deploy.0 = Release|ARM
		{56F92CF2-B39E-4DAE-A423-6D194E3E28BC}.Release|ARM64.ActiveCfg = Release|ARM64
		{56F92CF2-B39E-4DAE-A423-6D194E3E28BC}.Release|ARM64.Build.0 = Release|ARM64
		{56F92CF2-B39E-4DAE-A423-6D194E3E28BC}.Release|ARM64.Deploy.0 = Release|ARM64
		{56F92CF2-B39E-4DAE-A423-6D194E3E28BC}.Release|x64.ActiveCfg = Release|x64
		{56F92CF2-B39E-4DAE-A423-6D194E3E28BC}.Release|x64.Build.0 = Release|x64
		{56F92CF2-B39E-4DAE-A423-6D194E3E28BC}.Release|x64.Deploy.0 = Release|x64
		{56F92CF2-B39E-4DAE-A423-6D194E3E28BC}.Release|x86.ActiveCfg = Release|x86
		{56F92CF2-B39E-4DAE-A423-6D194E3E28BC}.Release|x86.Build.0 = Release|x86
		{56F92CF2-B39E-4DAE-A423-6D194E3E28BC}.Release|x86.Deploy.0 = Release|x86
	EndGlobalSection
	GlobalSection(SolutionProperties) = preSolution
		HideSolutionNode = FALSE
	EndGlobalSection
	GlobalSection(ExtensibilityGlobals) = postSolution
		SolutionGuid = {1A97EC5D-649B-4DAD-91C0-26C45F597599}
	EndGlobalSection
EndGlobal
